
Microsoft Visual Studio Solution File, Format Version 12.00
# Visual Studio Version 17
VisualStudioVersion = 17.4.33110.190
MinimumVisualStudioVersion = 10.0.40219.1
Project("{FAE04EC0-301F-11D3-BF4B-00C04F79EFBC}") = "Lab1_KazanovAlexandr", "Lab1_KazanovAlexandr.csproj", "{178DE561-B02C-4216-85CA-8F4410067D51}"
EndProject
Global
	GlobalSection(SolutionConfigurationPlatforms) = preSolution
		Debug|Any CPU = Debug|Any CPU
		Release|Any CPU = Release|Any CPU
	EndGlobalSection
	GlobalSection(ProjectConfigurationPlatforms) = postSolution
		{178DE561-B02C-4216-85CA-8F4410067D51}.Debug|Any CPU.ActiveCfg = Debug|Any CPU
		{178DE561-B02C-4216-85CA-8F4410067D51}.Debug|Any CPU.Build.0 = Debug|Any CPU
		{178DE561-B02C-4216-85CA-8F4410067D51}.Release|Any CPU.ActiveCfg = Release|Any CPU
		{178DE561-B02C-4216-85CA-8F4410067D51}.Release|Any CPU.Build.0 = Release|Any CPU
	EndGlobalSection
	GlobalSection(SolutionProperties) = preSolution
		HideSolutionNode = FALSE
	EndGlobalSection
	GlobalSection(ExtensibilityGlobals) = postSolution
		SolutionGuid = {4EF060FA-8BA6-42D6-B879-C5A48DC13DD7}
	EndGlobalSection
EndGlobal
